
Microsoft Visual Studio Solution File, Format Version 12.00
# Visual Studio 15
VisualStudioVersion = 15.0.28307.271
MinimumVisualStudioVersion = 10.0.40219.1
Project("{FAE04EC0-301F-11D3-BF4B-00C04F79EFBC}") = "Coursework", "Coursework\Coursework.csproj", "{038FB221-98F8-40EB-A6F0-B39BCBFA0A4F}"
EndProject
Global
	GlobalSection(SolutionConfigurationPlatforms) = preSolution
		Debug|Any CPU = Debug|Any CPU
		Release|Any CPU = Release|Any CPU
	EndGlobalSection
	GlobalSection(ProjectConfigurationPlatforms) = postSolution
		{038FB221-98F8-40EB-A6F0-B39BCBFA0A4F}.Debug|Any CPU.ActiveCfg = Debug|Any CPU
		{038FB221-98F8-40EB-A6F0-B39BCBFA0A4F}.Debug|Any CPU.Build.0 = Debug|Any CPU
		{038FB221-98F8-40EB-A6F0-B39BCBFA0A4F}.Release|Any CPU.ActiveCfg = Release|Any CPU
		{038FB221-98F8-40EB-A6F0-B39BCBFA0A4F}.Release|Any CPU.Build.0 = Release|Any CPU
	EndGlobalSection
	GlobalSection(SolutionProperties) = preSolution
		HideSolutionNode = FALSE
	EndGlobalSection
	GlobalSection(ExtensibilityGlobals) = postSolution
		SolutionGuid = {A6D500D7-5899-440F-9061-B50049FB9B3A}
	EndGlobalSection
EndGlobal
